{
"name": "nodejs-app",
"version": "1.0.0",
"lockfileVersion": 1,
"dependencies": {
	"express": {
		"version": "4.17.1",
		"resolved": "https://registry.npmjs.org/express/-/express-4.17.1.tgz",
		"integrity": "sha512-5Dpp+n4VQkEKw0nx9lTAy0PdwXAlAXxVhUJxy9/8m0C0SotzI2FvYJ5rrpGddSQod1SxKdu7nDkntfHRqJYsA==",
		"dev": false
	},
	"jest": {
		"version": "27.0.6",
		"resolved": "https://registry.npmjs.org/jest/-/jest-27.0.6.tgz",
		"integrity": "sha512-Y7Fka2AkBPR6H/N5R+0W8gH4z2aF5w59QKBfOkjXNwfwS3seMLTYxz5GZlGy31cPt4Fb3qPQznpsfd9hLFhkw==",
		"dev": true
	}
}
}
